{
  "name": "@comunica/actor-rdf-metadata-extract-tree-relations",
  "version": "1.0.1",
  "lockfileVersion": 1,
  "requires": true,
  "dependencies": {
    "@comunica/bus-rdf-metadata-extract": {
      "version": "1.19.0",
      "resolved": "https://registry.npmjs.org/@comunica/bus-rdf-metadata-extract/-/bus-rdf-metadata-extract-1.19.0.tgz",
      "integrity": "sha512-dh1PFzhvJuTjD3c42CsPCq7ybDjerSFhW2UtWMfBxZT5Aoo6cSdHRQPjc4crrFjgrBhSfmRNs/wyJ0vAcbwaMA==",
      "dev": true,
      "requires": {
        "@types/rdf-js": "*",
        "graphql-ld": "^1.2.0",
        "rdf-store-stream": "^1.0.1",
        "sparqlalgebrajs": "^2.4.0",
        "stream-to-string": "^1.2.0"
      }
    },
    "@comunica/core": {
      "version": "1.19.0",
      "resolved": "https://registry.npmjs.org/@comunica/core/-/core-1.19.0.tgz",
      "integrity": "sha512-/G9rNRL8KdvSuxnWObUhA0+sbcHCFejTrj0vnHaf/QZtqEO0b238QzoS9swwP1PdzPdR1R6TJ2ikr8AcVZyd9g==",
      "dev": true,
      "requires": {
        "immutable": "^3.8.2"
      }
    },
    "@dexagod/tree-metadata-extraction": {
      "version": "1.0.4",
      "resolved": "https://registry.npmjs.org/@dexagod/tree-metadata-extraction/-/tree-metadata-extraction-1.0.4.tgz",
      "integrity": "sha512-gs61K+72DJ42nRO028iNU653rOidpXzKMzgwfXOlfsaBnMLCpsKmuN3hBxr+/TLDzAasNAq+KDQJPUB2eKl92g==",
      "requires": {
        "n3": "^1.6.3"
      }
    },
    "@types/http-link-header": {
      "version": "1.0.2",
      "resolved": "https://registry.npmjs.org/@types/http-link-header/-/http-link-header-1.0.2.tgz",
      "integrity": "sha512-rWvCGMtwx+01LFVpLbSYagloSMgqDwfzLSx9JcwUEkJWo4oDBKihp6X92Ff5tIS4VE5ojV4wH6iMnAnr/TZhhg==",
      "dev": true,
      "requires": {
        "@types/node": "*"
      }
    },
    "@types/node": {
      "version": "14.14.22",
      "resolved": "https://registry.npmjs.org/@types/node/-/node-14.14.22.tgz",
      "integrity": "sha512-g+f/qj/cNcqKkc3tFqlXOYjrmZA+jNBiDzbP3kH+B+otKFqAdPgVTGP1IeKRdMml/aE69as5S4FqtxAbl+LaMw=="
    },
    "@types/rdf-js": {
      "version": "4.0.0",
      "resolved": "https://registry.npmjs.org/@types/rdf-js/-/rdf-js-4.0.0.tgz",
      "integrity": "sha512-2uaR7ks0380MqzUWGOPOOk9yZIr/6MOaCcaj3ntKgd2PqNocgi8j5kSHIJTDe+5ABtTHqKMSE0v0UqrsT8ibgQ==",
      "requires": {
        "@types/node": "*"
      }
    },
    "JSONStream": {
      "version": "1.3.5",
      "resolved": "https://registry.npmjs.org/JSONStream/-/JSONStream-1.3.5.tgz",
      "integrity": "sha512-E+iruNOY8VV9s4JEbe1aNEm6MiszPRr/UfcHMz0TQh1BXSxHK+ASV1R6W4HpjBhSeS+54PIsAMCBmwD06LLsqQ==",
      "dev": true,
      "requires": {
        "jsonparse": "^1.2.0",
        "through": ">=2.2.7 <3"
      }
    },
    "canonicalize": {
      "version": "1.0.5",
      "resolved": "https://registry.npmjs.org/canonicalize/-/canonicalize-1.0.5.tgz",
      "integrity": "sha512-mAjKJPIyP0xqqv6IAkvso07StOmz6cmGtNDg3pXCSzXVZOqka7StIkAhJl/zHOi4M2CgpYfD6aeRWbnrmtvBEA==",
      "dev": true
    },
    "cross-fetch": {
      "version": "3.0.6",
      "resolved": "https://registry.npmjs.org/cross-fetch/-/cross-fetch-3.0.6.tgz",
      "integrity": "sha512-KBPUbqgFjzWlVcURG+Svp9TlhA5uliYtiNx/0r8nv0pdypeQCRJ9IaSIc3q/x3q8t3F75cHuwxVql1HFGHCNJQ==",
      "dev": true,
      "requires": {
        "node-fetch": "2.6.1"
      }
    },
    "fast-deep-equal": {
      "version": "3.1.3",
      "resolved": "https://registry.npmjs.org/fast-deep-equal/-/fast-deep-equal-3.1.3.tgz",
      "integrity": "sha512-f3qQ9oQy9j2AhBe/H9VC91wLmKBCCU/gDOnKNAYG5hswO7BLKj09Hc5HYNz9cGI++xlpDCIgDaitVs03ATR84Q==",
      "dev": true
    },
    "graphql": {
      "version": "15.4.0",
      "resolved": "https://registry.npmjs.org/graphql/-/graphql-15.4.0.tgz",
      "integrity": "sha512-EB3zgGchcabbsU9cFe1j+yxdzKQKAbGUWRb13DsrsMN1yyfmmIq+2+L5MqVWcDCE4V89R5AyUOi7sMOGxdsYtA==",
      "dev": true
    },
    "graphql-ld": {
      "version": "1.2.0",
      "resolved": "https://registry.npmjs.org/graphql-ld/-/graphql-ld-1.2.0.tgz",
      "integrity": "sha512-CEYmJcFCW7EumwOFdTVqo5cEv53VJLll5rNWQ29YOWLM6HKLzuWB+TBf40I4Eub+xai1Q7oFD9xguhq/rg9oaw==",
      "dev": true,
      "requires": {
        "@types/rdf-js": "*",
        "graphql-to-sparql": "^2.2.0",
        "jsonld-context-parser": "^2.1.0",
        "sparqlalgebrajs": "^2.4.0",
        "sparqljson-to-tree": "^2.1.0"
      }
    },
    "graphql-to-sparql": {
      "version": "2.2.0",
      "resolved": "https://registry.npmjs.org/graphql-to-sparql/-/graphql-to-sparql-2.2.0.tgz",
      "integrity": "sha512-RHe8mpmYtUreOLhvjbgwJKNGwQsvDyMdHNj+x4REgX7V02QSZvbpHE2IG6c0TO1DjbLRNUK7/2pRUhfq8FDLeA==",
      "dev": true,
      "requires": {
        "@types/rdf-js": "*",
        "graphql": "^15.0.0",
        "jsonld-context-parser": "^2.0.2",
        "minimist": "^1.2.0",
        "rdf-data-factory": "^1.0.3",
        "sparqlalgebrajs": "^2.4.0"
      }
    },
    "http-link-header": {
      "version": "1.0.3",
      "resolved": "https://registry.npmjs.org/http-link-header/-/http-link-header-1.0.3.tgz",
      "integrity": "sha512-nARK1wSKoBBrtcoESlHBx36c1Ln/gnbNQi1eB6MeTUefJIT3NvUOsV15bClga0k38f0q/kN5xxrGSDS3EFnm9w==",
      "dev": true
    },
    "immutable": {
      "version": "3.8.2",
      "resolved": "https://registry.npmjs.org/immutable/-/immutable-3.8.2.tgz",
      "integrity": "sha1-wkOZUUVbs5kT2vKBN28VMOEErfM=",
      "dev": true
    },
    "inherits": {
      "version": "2.0.4",
      "resolved": "https://registry.npmjs.org/inherits/-/inherits-2.0.4.tgz",
      "integrity": "sha512-k/vGaX4/Yla3WzyMCvTQOXYeIHvqOKtnqBduzTHpzpQZzAskKMhZ2K+EnBiSM9zGSoIFeMpXKxa4dYeZIQqewQ=="
    },
    "jsonld-context-parser": {
      "version": "2.1.1",
      "resolved": "https://registry.npmjs.org/jsonld-context-parser/-/jsonld-context-parser-2.1.1.tgz",
      "integrity": "sha512-7yKhnwFaiCnDPUZYQuAWyT0zZBfOKZDyjtqFVNbXrYRkboU+m55UsastsfXbo7qNroTGdFiEyxHEHDEfBC0P4Q==",
      "dev": true,
      "requires": {
        "@types/http-link-header": "^1.0.1",
        "@types/node": "^13.1.0",
        "canonicalize": "^1.0.1",
        "cross-fetch": "^3.0.6",
        "http-link-header": "^1.0.2",
        "relative-to-absolute-iri": "^1.0.5"
      },
      "dependencies": {
        "@types/node": {
          "version": "13.13.40",
          "resolved": "https://registry.npmjs.org/@types/node/-/node-13.13.40.tgz",
          "integrity": "sha512-eKaRo87lu1yAXrzEJl0zcJxfUMDT5/mZalFyOkT44rnQps41eS2pfWzbaulSPpQLFNy29bFqn+Y5lOTL8ATlEQ==",
          "dev": true
        }
      }
    },
    "jsonparse": {
      "version": "1.3.1",
      "resolved": "https://registry.npmjs.org/jsonparse/-/jsonparse-1.3.1.tgz",
      "integrity": "sha1-P02uSpH6wxX3EGL4UhzCOfE2YoA=",
      "dev": true
    },
    "lodash.assign": {
      "version": "4.2.0",
      "resolved": "https://registry.npmjs.org/lodash.assign/-/lodash.assign-4.2.0.tgz",
      "integrity": "sha1-DZnzzNem0mHRm9rrkkUAXShYCOc="
    },
    "minimist": {
      "version": "1.2.5",
      "resolved": "https://registry.npmjs.org/minimist/-/minimist-1.2.5.tgz",
      "integrity": "sha512-FM9nNUYrRBAELZQT3xeZQ7fmMOBg6nWNmJKTcgsJeaLstP/UODVpGsr5OhXhhXg6f+qtJ8uiZ+PUxkDWcgIXLw==",
      "dev": true
    },
    "n3": {
      "version": "1.8.0",
      "resolved": "https://registry.npmjs.org/n3/-/n3-1.8.0.tgz",
      "integrity": "sha512-/PEmoB3UJrG6aXGZenDHFBJtmPp2rtfB2YLzAm2dU9stInD+ztvy4fKv5fv2ggsrSlpu7BYDTsz/c6S391uuEg==",
      "requires": {
        "queue-microtask": "^1.1.2",
        "readable-stream": "^3.6.0"
      }
    },
    "node-fetch": {
      "version": "2.6.1",
      "resolved": "https://registry.npmjs.org/node-fetch/-/node-fetch-2.6.1.tgz",
      "integrity": "sha512-V4aYg89jEoVRxRb2fJdAg8FHvI7cEyYdVAh94HH0UIK8oJxUfkjlDQN9RbMx+bEjP7+ggMiFRprSti032Oipxw==",
      "dev": true
    },
    "promise-polyfill": {
      "version": "1.1.6",
      "resolved": "https://registry.npmjs.org/promise-polyfill/-/promise-polyfill-1.1.6.tgz",
      "integrity": "sha1-zQTv9G9clcOn0EVZHXm14+AfEtc=",
      "dev": true
    },
    "queue-microtask": {
      "version": "1.2.2",
      "resolved": "https://registry.npmjs.org/queue-microtask/-/queue-microtask-1.2.2.tgz",
      "integrity": "sha512-dB15eXv3p2jDlbOiNLyMabYg1/sXvppd8DP2J3EOCQ0AkuSXCW2tP7mnVouVLJKgUMY6yP0kcQDVpLCN13h4Xg=="
    },
    "rdf-data-factory": {
      "version": "1.0.4",
      "resolved": "https://registry.npmjs.org/rdf-data-factory/-/rdf-data-factory-1.0.4.tgz",
      "integrity": "sha512-ZIIwEkLcV7cTc+atvQFzAETFVRHz1BRe/MhdkZqYse8vxskErj8/bF/Ittc3B5c0GTyw6O3jVF2V7xBRGyRoSQ==",
      "requires": {
        "@types/rdf-js": "*"
      }
    },
    "rdf-literal": {
      "version": "1.2.0",
      "resolved": "https://registry.npmjs.org/rdf-literal/-/rdf-literal-1.2.0.tgz",
      "integrity": "sha512-N7nyfp/xzoiUuJt0xZ80BvBGkCPwWejgVDkCxWDSuooXKSows4ToW+KouYkMHLcoFzGg1Rlw2lk6btjMJg5aSA==",
      "requires": {
        "@types/rdf-js": "*",
        "rdf-data-factory": "^1.0.1"
      }
    },
    "rdf-store-stream": {
      "version": "1.1.0",
      "resolved": "https://registry.npmjs.org/rdf-store-stream/-/rdf-store-stream-1.1.0.tgz",
      "integrity": "sha512-JWvQUv/1yja1TiEzhS1PTactSER9ORjM/6TV8z3KdGWpeQOs9TeUgLzx5PLXSRePFZ8GKNTkG5dD+wC6Yh3sbQ==",
      "dev": true,
      "requires": {
        "@types/rdf-js": "*",
        "n3": "^1.6.3"
      }
    },
    "rdf-string": {
      "version": "1.5.0",
      "resolved": "https://registry.npmjs.org/rdf-string/-/rdf-string-1.5.0.tgz",
      "integrity": "sha512-3TEJuDIKUADgZrfcZG+zAN4GfVA1Ei2sKA7Z7QVHkAE36wWoRGPJbGihPQMldgzvy9lG2nzZU+CXz+6oGSQNsQ==",
      "dev": true,
      "requires": {
        "rdf-data-factory": "^1.0.0"
      }
    },
    "readable-stream": {
      "version": "3.6.0",
      "resolved": "https://registry.npmjs.org/readable-stream/-/readable-stream-3.6.0.tgz",
      "integrity": "sha512-BViHy7LKeTz4oNnkcLJ+lVSL6vpiFeX6/d3oSH8zCW7UxP2onchk+vTGB143xuFjHS3deTgkKoXXymXqymiIdA==",
      "requires": {
        "inherits": "^2.0.3",
        "string_decoder": "^1.1.1",
        "util-deprecate": "^1.0.1"
      }
    },
    "relative-to-absolute-iri": {
      "version": "1.0.6",
      "resolved": "https://registry.npmjs.org/relative-to-absolute-iri/-/relative-to-absolute-iri-1.0.6.tgz",
      "integrity": "sha512-Xw5/Zx6iWSCMJUXwXVOjySjH8Xli4hVFL9QQFvkl1qEmFBG94J+QUI9emnoctOCD3285f1jNV+QWV9eDYwIdfQ==",
      "dev": true
    },
    "safe-buffer": {
      "version": "5.2.1",
      "resolved": "https://registry.npmjs.org/safe-buffer/-/safe-buffer-5.2.1.tgz",
      "integrity": "sha512-rp3So07KcdmmKbGvgaNxQSJr7bGVSVk5S9Eq1F+ppbRo70+YeaDxkw5Dd8NPN+GD6bjnYm2VuPuCXmpuYvmCXQ=="
    },
    "sparqlalgebrajs": {
      "version": "2.4.0",
      "resolved": "https://registry.npmjs.org/sparqlalgebrajs/-/sparqlalgebrajs-2.4.0.tgz",
      "integrity": "sha512-6glKn1uWBsdPuQ4D+4r5m8mgWZoMfiNgip4uyblULTmgISqcbsQzrlrIhWQoZSX95QLLlWlYJufhelQAIRAWKg==",
      "dev": true,
      "requires": {
        "fast-deep-equal": "^3.1.1",
        "minimist": "^1.2.5",
        "rdf-data-factory": "^1.0.0",
        "rdf-string": "^1.5.0",
        "sparqljs": "^3.1.1"
      }
    },
    "sparqljs": {
      "version": "3.2.0",
      "resolved": "https://registry.npmjs.org/sparqljs/-/sparqljs-3.2.0.tgz",
      "integrity": "sha512-Sc0oVe0yexum9i2y+KYuD96s3j8iewgYok5ooLstXP9KiShKgeDAhcWupMmnGr+YLpDpCrEqRhkiQ2LxQOfX4w==",
      "dev": true,
      "requires": {
        "rdf-data-factory": "^1.0.4"
      }
    },
    "sparqljson-parse": {
      "version": "1.6.0",
      "resolved": "https://registry.npmjs.org/sparqljson-parse/-/sparqljson-parse-1.6.0.tgz",
      "integrity": "sha512-alIiURVr3AXIGU6fjuh5k6fwINwGKBQu5QnN9TEpoyIRvukKxZLQE07AHsw/Wxhkxico81tPf8nJTx7H1ira5A==",
      "dev": true,
      "requires": {
        "@types/node": "^13.1.0",
        "@types/rdf-js": "*",
        "JSONStream": "^1.3.3",
        "rdf-data-factory": "^1.0.2"
      },
      "dependencies": {
        "@types/node": {
          "version": "13.13.40",
          "resolved": "https://registry.npmjs.org/@types/node/-/node-13.13.40.tgz",
          "integrity": "sha512-eKaRo87lu1yAXrzEJl0zcJxfUMDT5/mZalFyOkT44rnQps41eS2pfWzbaulSPpQLFNy29bFqn+Y5lOTL8ATlEQ==",
          "dev": true
        }
      }
    },
    "sparqljson-to-tree": {
      "version": "2.1.0",
      "resolved": "https://registry.npmjs.org/sparqljson-to-tree/-/sparqljson-to-tree-2.1.0.tgz",
      "integrity": "sha512-LwEMlrvjzEigatJ8iw1RKGWL9dKmATQNbTEXyadzsOQxbBhJNaGk8G9/WPCcVj2zlCPKGMysfNGb4UfvwHKeSw==",
      "dev": true,
      "requires": {
        "rdf-literal": "^1.2.0",
        "sparqljson-parse": "^1.6.0"
      }
    },
    "stream-to-string": {
      "version": "1.2.0",
      "resolved": "https://registry.npmjs.org/stream-to-string/-/stream-to-string-1.2.0.tgz",
      "integrity": "sha512-8drZlFIKBHSMdX9GCWv8V9AAWnQcTqw0iAI6/GC7UJ0H0SwKeFKjOoZfGY1tOU00GGU7FYZQoJ/ZCUEoXhD7yQ==",
      "dev": true,
      "requires": {
        "promise-polyfill": "^1.1.6"
      }
    },
    "string_decoder": {
      "version": "1.3.0",
      "resolved": "https://registry.npmjs.org/string_decoder/-/string_decoder-1.3.0.tgz",
      "integrity": "sha512-hkRX8U1WjJFd8LsDJ2yQ/wWWxaopEsABU1XfkM8A+j0+85JAGppt16cr1Whg6KIbb4okU6Mql6BOj+uup/wKeA==",
      "requires": {
        "safe-buffer": "~5.2.0"
      }
    },
    "through": {
      "version": "2.3.8",
      "resolved": "https://registry.npmjs.org/through/-/through-2.3.8.tgz",
      "integrity": "sha1-DdTJ/6q8NXlgsbckEV1+Doai4fU=",
      "dev": true
    },
    "util-deprecate": {
      "version": "1.0.2",
      "resolved": "https://registry.npmjs.org/util-deprecate/-/util-deprecate-1.0.2.tgz",
      "integrity": "sha1-RQ1Nyfpw3nMnYvvS1KKJgUGaDM8="
    }
  }
}
